{
  "projects": [
    {
      "projectId": "eiC1VCbma8t6iMexZerqLa",
      "version": "5.12.0",
      "dependencies": {},
      "lang": "js",
      "fileLocks": [
        {
          "assetId": "eiC1VCbma8t6iMexZerqLa",
          "type": "projectCss",
          "checksum": "65f444b8ec8dbedbff7acecb7041f4c1"
        },
        {
          "assetId": "eiC1VCbma8t6iMexZerqLa",
          "checksum": "e732fbb74d3376c409f438fc80adf516",
          "type": "globalContexts"
        }
      ],
      "codegenVersion": "0.0.1"
    },
    {
      "projectId": "xp1p7dmg329XVLHyuEUxD2",
      "version": "11.13.0",
      "dependencies": {},
      "lang": "js",
      "fileLocks": [
        {
          "assetId": "xp1p7dmg329XVLHyuEUxD2",
          "type": "projectCss",
          "checksum": "78ad5e39cfcd25243e240eceb6396164"
        }
      ],
      "codegenVersion": "0.0.1"
    },
    {
      "projectId": "9ddDjPDiAQE72HUa13ENBq",
      "version": "latest",
      "dependencies": {
        "xp1p7dmg329XVLHyuEUxD2": "11.13.0",
        "eiC1VCbma8t6iMexZerqLa": "5.12.0"
      },
      "lang": "js",
      "fileLocks": [
        {
          "type": "globalVariant",
          "assetId": "ZyMLegoUrZk6ek",
          "checksum": "e890f07a78ac6c04332b2309288bb911"
        },
        {
          "assetId": "9ddDjPDiAQE72HUa13ENBq",
          "type": "projectCss",
          "checksum": "0237aeae653fb2b42be5e7f1e0431a5f"
        },
        {
          "assetId": "9ddDjPDiAQE72HUa13ENBq",
          "checksum": "8ea96540ba5cb5409f822c3019896dfb",
          "type": "globalContexts"
        },
        {
          "type": "renderModule",
          "assetId": "6_qvQw5DvVWyn",
          "checksum": "52dd927d065f240a47ff7651ad741b61"
        },
        {
          "type": "cssRules",
          "assetId": "6_qvQw5DvVWyn",
          "checksum": "52dd927d065f240a47ff7651ad741b61"
        },
        {
          "type": "renderModule",
          "assetId": "r98mWgbU1oG5dP",
          "checksum": "752df68431661f071a0cdf77115ed21d"
        },
        {
          "type": "cssRules",
          "assetId": "r98mWgbU1oG5dP",
          "checksum": "752df68431661f071a0cdf77115ed21d"
        },
        {
          "type": "renderModule",
          "assetId": "7P4VbSUTHTWj1G",
          "checksum": "7aaa2e67f34a900fe72c6505f46b18d6"
        },
        {
          "type": "cssRules",
          "assetId": "7P4VbSUTHTWj1G",
          "checksum": "7aaa2e67f34a900fe72c6505f46b18d6"
        },
        {
          "type": "renderModule",
          "assetId": "Nxkx2cRvEFZASy",
          "checksum": "018d8fc52a83abbc5c64a49c5269926a"
        },
        {
          "type": "cssRules",
          "assetId": "Nxkx2cRvEFZASy",
          "checksum": "018d8fc52a83abbc5c64a49c5269926a"
        },
        {
          "type": "renderModule",
          "assetId": "vFmR5CGMrbfy3B",
          "checksum": "a2255734ca974d5fa62f7ed2f72ec118"
        },
        {
          "type": "cssRules",
          "assetId": "vFmR5CGMrbfy3B",
          "checksum": "a2255734ca974d5fa62f7ed2f72ec118"
        },
        {
          "type": "renderModule",
          "assetId": "Xf2wx5iZAX-Wyy",
          "checksum": "2feee099b699a4c4c16da9671fc62ff7"
        },
        {
          "type": "cssRules",
          "assetId": "Xf2wx5iZAX-Wyy",
          "checksum": "2feee099b699a4c4c16da9671fc62ff7"
        },
        {
          "type": "renderModule",
          "assetId": "UA8um_3hy-M3pZ",
          "checksum": "592a3f1c391e32e0a5949c574c7bfeb9"
        },
        {
          "type": "cssRules",
          "assetId": "UA8um_3hy-M3pZ",
          "checksum": "592a3f1c391e32e0a5949c574c7bfeb9"
        },
        {
          "type": "renderModule",
          "assetId": "5lvxTM7O9xTyx8",
          "checksum": "b609bd1b7f3c15fae755d8d3659dc988"
        },
        {
          "type": "cssRules",
          "assetId": "5lvxTM7O9xTyx8",
          "checksum": "b609bd1b7f3c15fae755d8d3659dc988"
        },
        {
          "type": "renderModule",
          "assetId": "agLchBvdK6c1SV",
          "checksum": "c3b5a4fcecf46d6951df14122fafddda"
        },
        {
          "type": "cssRules",
          "assetId": "agLchBvdK6c1SV",
          "checksum": "c3b5a4fcecf46d6951df14122fafddda"
        },
        {
          "type": "renderModule",
          "assetId": "3G23XTaZlNcPFm",
          "checksum": "0f666b1a9a1cd6fd7d88061146cba52c"
        },
        {
          "type": "cssRules",
          "assetId": "3G23XTaZlNcPFm",
          "checksum": "0f666b1a9a1cd6fd7d88061146cba52c"
        },
        {
          "type": "renderModule",
          "assetId": "5EeFeL4xGEFXmx",
          "checksum": "2a13a641376347960753f28c266c69a1"
        },
        {
          "type": "cssRules",
          "assetId": "5EeFeL4xGEFXmx",
          "checksum": "2a13a641376347960753f28c266c69a1"
        },
        {
          "type": "renderModule",
          "assetId": "FS4YaKb5wkXWx2",
          "checksum": "a40fcf69004c2295ea1ec11dabfe0c55"
        },
        {
          "type": "cssRules",
          "assetId": "FS4YaKb5wkXWx2",
          "checksum": "a40fcf69004c2295ea1ec11dabfe0c55"
        },
        {
          "type": "renderModule",
          "assetId": "U44Zho2eatr7x4",
          "checksum": "bffe6832a606955d0b79a7bab56cf35c"
        },
        {
          "type": "cssRules",
          "assetId": "U44Zho2eatr7x4",
          "checksum": "bffe6832a606955d0b79a7bab56cf35c"
        },
        {
          "type": "renderModule",
          "assetId": "qLTAu-9LoFkUZ4",
          "checksum": "4f120eef4ce77c7268cf6272a5f37952"
        },
        {
          "type": "cssRules",
          "assetId": "qLTAu-9LoFkUZ4",
          "checksum": "4f120eef4ce77c7268cf6272a5f37952"
        },
        {
          "type": "renderModule",
          "assetId": "ekR2JNdKDxMto_",
          "checksum": "e85ff84f54086529961e79dd9847f363"
        },
        {
          "type": "cssRules",
          "assetId": "ekR2JNdKDxMto_",
          "checksum": "e85ff84f54086529961e79dd9847f363"
        },
        {
          "type": "renderModule",
          "assetId": "1fYVQiHanAtZow",
          "checksum": "34eaf5fbfa4c741d165c980d89f37ec6"
        },
        {
          "type": "cssRules",
          "assetId": "1fYVQiHanAtZow",
          "checksum": "34eaf5fbfa4c741d165c980d89f37ec6"
        },
        {
          "type": "renderModule",
          "assetId": "HJN04o1AjNpvnw",
          "checksum": "a2cca2c459c3b6bcdf75969a28f60784"
        },
        {
          "type": "cssRules",
          "assetId": "HJN04o1AjNpvnw",
          "checksum": "a2cca2c459c3b6bcdf75969a28f60784"
        },
        {
          "type": "renderModule",
          "assetId": "mHcUz-u_w2JHWJ",
          "checksum": "0c20e028fb29cc63b4a04f6e3d83e7ec"
        },
        {
          "type": "cssRules",
          "assetId": "mHcUz-u_w2JHWJ",
          "checksum": "0c20e028fb29cc63b4a04f6e3d83e7ec"
        },
        {
          "type": "icon",
          "assetId": "5qfKdLmjnYwsf8",
          "checksum": "03a9d92f1dd0549d97b26e4d12130c24"
        },
        {
          "type": "icon",
          "assetId": "OewEF001ZX7ylY",
          "checksum": "7713feb370c864aa906115e3d5d5945d"
        },
        {
          "type": "icon",
          "assetId": "ogK7EUM_VJ5qvr",
          "checksum": "f3e63b5329eb7f0d345bc2c065fadc39"
        },
        {
          "type": "icon",
          "assetId": "mmytUJk_spscb_",
          "checksum": "fb8af3f91563b581cdfdf2395fb99f12"
        },
        {
          "type": "icon",
          "assetId": "M7XzFR098hOVp4",
          "checksum": "bba389f6450d189d3017b37a183f1511"
        },
        {
          "type": "icon",
          "assetId": "L9i1_hE6o_18O0",
          "checksum": "aaddb156262e06750ef191650f247835"
        },
        {
          "type": "icon",
          "assetId": "-pgiW7syUgQ1kr",
          "checksum": "bd0619dd147b7e8beb189b304bb582ca"
        },
        {
          "type": "icon",
          "assetId": "o78yuDk4Y65xsq",
          "checksum": "5c3f4bd168fe5bcadb80a5b5199630e0"
        },
        {
          "type": "icon",
          "assetId": "cBFsyXL8_VEpau",
          "checksum": "c4103a81b792b1b0f4b1b19d1a5e56cf"
        },
        {
          "type": "icon",
          "assetId": "Y5Vqmlwo_CyVpm",
          "checksum": "48842437c6d505dccfa44a39df048b2c"
        },
        {
          "type": "icon",
          "assetId": "f9vwDfffyKbSPO",
          "checksum": "afc182e892b0a6a9060dd9f294a4489c"
        },
        {
          "type": "icon",
          "assetId": "jRhTAQr1RCPXct",
          "checksum": "c523d1df5a818d5e46e0464e049c2063"
        },
        {
          "type": "icon",
          "assetId": "OIeKbFGYdcBRBT",
          "checksum": "709fc53bd1027c5ef301792ec909b74d"
        },
        {
          "type": "icon",
          "assetId": "94cEWybR-9YH2L",
          "checksum": "bc7f92bb2a07dc697cd5ea4b47e656a4"
        },
        {
          "type": "icon",
          "assetId": "X0iuyZAePiQfOM",
          "checksum": "da70b17b85795f46bd5c88e78d853f13"
        },
        {
          "type": "icon",
          "assetId": "tWpmmH2UzATRF2",
          "checksum": "d8575a4a2b20add478e6acff4d31e184"
        },
        {
          "type": "icon",
          "assetId": "qNlV66mJcpQAik",
          "checksum": "d283af3d099444c9af7ac35ba5ce4cf0"
        },
        {
          "type": "icon",
          "assetId": "x8wuXlF8heCMJ2",
          "checksum": "cc23f799785ce1df64c48022016ee7e3"
        },
        {
          "type": "icon",
          "assetId": "pdG_vcqEE5MBpD",
          "checksum": "22e6ff3bf9204679d167cc4d5a98ed11"
        },
        {
          "type": "icon",
          "assetId": "J_NoiDjz5PlQjY",
          "checksum": "86fd82b1352afd72d81c492c202c9ca7"
        },
        {
          "type": "icon",
          "assetId": "j27h4R6lnY3h5L",
          "checksum": "9dc6500e75d800c0e0744dda46913782"
        },
        {
          "type": "icon",
          "assetId": "M2brmMwd6IFUI3",
          "checksum": "1366e3f7be9d0f59ba3f5497e85792b9"
        },
        {
          "type": "icon",
          "assetId": "9m3uHOlO_MQXWy",
          "checksum": "1d6b77721b5eafd2202c330824d83d9f"
        },
        {
          "type": "icon",
          "assetId": "cWZizG_Kh3d_pM",
          "checksum": "730819dcc24dee910d4cf81b88535a11"
        },
        {
          "type": "icon",
          "assetId": "v3K33EPdotBfWm",
          "checksum": "abc5f2f8fdf786751c0553fc2879f04a"
        },
        {
          "type": "icon",
          "assetId": "AurXHGWLD9JZYf",
          "checksum": "ed71c2d3d2ce3eb6f4914344b074ec6e"
        },
        {
          "type": "icon",
          "assetId": "LSE4_xzu-ebpNm",
          "checksum": "27d7460bf0789d895aadcbbc4385aa81"
        },
        {
          "type": "icon",
          "assetId": "CnmInZsXpMCHuD",
          "checksum": "2fa684849a70589ea63897ed5554bd62"
        },
        {
          "type": "icon",
          "assetId": "4MSGiXLf9Wm4VT",
          "checksum": "272e824a456c418ab3d0cea33f2f75ce"
        },
        {
          "type": "icon",
          "assetId": "zMAuOnTfrjbatj",
          "checksum": "d7a9a98ce359c699218c5f375d834565"
        },
        {
          "type": "icon",
          "assetId": "TP_TzM8rXqAWdp",
          "checksum": "978d3916e5efb4fccdd5a36ab8c21f68"
        },
        {
          "type": "icon",
          "assetId": "kD3-deRiETqhbX",
          "checksum": "a34eefd976b87f916beae8575f2d6604"
        },
        {
          "type": "icon",
          "assetId": "b8YL0-XezrxetU",
          "checksum": "cba5e748ba4c8116bc9cd452179f43d3"
        },
        {
          "type": "icon",
          "assetId": "087xYwWWtaoyPK",
          "checksum": "9268ed166d2cdf2d1f1cb7630767a140"
        },
        {
          "type": "icon",
          "assetId": "tQqM7k75QQSvrg",
          "checksum": "c8f05cd077c1e6c14f19aa541a22a4c3"
        },
        {
          "type": "icon",
          "assetId": "_BPQFLpUJhp9Oy",
          "checksum": "e4f2102e18e592539d98f37be84aebe7"
        },
        {
          "type": "icon",
          "assetId": "GSw1vRX4Jse3Ai",
          "checksum": "eee251db586a4e93f53613551e2d42f9"
        },
        {
          "type": "icon",
          "assetId": "1kak3Yr-J-rrUL",
          "checksum": "8ebb299f1b405b6cb0af82d35430e8a3"
        },
        {
          "type": "icon",
          "assetId": "wJqII38RYe4L0L",
          "checksum": "c11269ebd06ba1a0d26ae909e148f1ac"
        },
        {
          "type": "image",
          "assetId": "Th0AE10Atg9pJH",
          "checksum": "b3cc6e08535b80ef9f44240f03f54d18"
        },
        {
          "type": "image",
          "assetId": "RTf-iQdjWlOf2P",
          "checksum": "e26368ff013f48cdcf74ce71ce3d09ce"
        },
        {
          "type": "image",
          "assetId": "PsUTJdsLd_9leq",
          "checksum": "6c28c4d6e209256759c33d13f622bbba"
        },
        {
          "type": "image",
          "assetId": "whXK6xT0zJLkpN",
          "checksum": "3be339f35fd3cafc9ab2933e9fde5def"
        },
        {
          "type": "image",
          "assetId": "AMoV_omarRlyxm",
          "checksum": "422edbdc859a1d87656b071f20a0d6ca"
        },
        {
          "type": "image",
          "assetId": "WOEe3iNLUzu8f6",
          "checksum": "eaf59dc01ef3421a788dc5b561637c26"
        },
        {
          "type": "image",
          "assetId": "yvfE9O7r7_Hdr1",
          "checksum": "e2115775a4165454430ca87c420eab2e"
        },
        {
          "type": "image",
          "assetId": "u1iSFUbxDaSNq0",
          "checksum": "098897f3dde98194e1192e34cc7f101b"
        },
        {
          "type": "image",
          "assetId": "9MP_Py6wsJNf7K",
          "checksum": "8ddc22ac7fc2a13f8bd85911ed4b1403"
        },
        {
          "type": "image",
          "assetId": "nyX3yToQ9NEw2P",
          "checksum": "e3ab7a9d1b8095685144b6165c636d27"
        },
        {
          "type": "image",
          "assetId": "vLpCbsv7W6SOh8",
          "checksum": "fdb614bb099d765090f264828e5bf8d0"
        },
        {
          "type": "image",
          "assetId": "49fH4rk18xiKjy",
          "checksum": "5c55ccb60257f42a83aa56a62a668f8f"
        },
        {
          "type": "image",
          "assetId": "Q1NSedpdZdaj2G",
          "checksum": "0f495bbd15935022d36157b3eb86cfb4"
        },
        {
          "type": "image",
          "assetId": "SMZbzEIsjXVj3R",
          "checksum": "d3e7ddbe6609223481488dfdc194db91"
        },
        {
          "type": "image",
          "assetId": "RIHjOjeBAtNX2z",
          "checksum": "1d3548b8c3e0e0dde2351138f014d9c8"
        },
        {
          "type": "image",
          "assetId": "EkDw8M7jxpCW_w",
          "checksum": "6e7ef72fc8e68d18cc0864b41a73fe42"
        },
        {
          "type": "image",
          "assetId": "uDcKXwba390Amx",
          "checksum": "a4d466b8911882d3802d3ec13cce322e"
        },
        {
          "type": "image",
          "assetId": "TlLtYkmRwWXVei",
          "checksum": "3a62b7561b0f13d19e44db990d323f2f"
        },
        {
          "type": "image",
          "assetId": "dowImqalRooUk3",
          "checksum": "a72dd15526b5ad5ef9afe1a124e7a8b4"
        },
        {
          "type": "image",
          "assetId": "Q_vKgFDqSFmVys",
          "checksum": "1b5854e5463135e8503c6903703ae78e"
        },
        {
          "type": "image",
          "assetId": "bsmb8gK9vH51ix",
          "checksum": "7c88c2e39053ced298d8fa39fe5afb2d"
        },
        {
          "type": "image",
          "assetId": "XR9gOBtSvaRlJK",
          "checksum": "55f5d32c5de509ff9e7d4316910239d7"
        },
        {
          "type": "image",
          "assetId": "OZs7wMF9Ajt-oW",
          "checksum": "ab40599066c6b201c9f350862bb16851"
        },
        {
          "type": "image",
          "assetId": "mytDsjWg_REyXg",
          "checksum": "d1c62d5ba7b2d1bdf1a0fc6f476d56e0"
        },
        {
          "type": "image",
          "assetId": "RBOZY2nZ7bPuZq",
          "checksum": "d98f585243fb96e337404c32618b0d2d"
        },
        {
          "type": "image",
          "assetId": "Uz-psUTJ7kNnVX",
          "checksum": "53bd93ac4b56ef02873c3b818177d42b"
        },
        {
          "type": "image",
          "assetId": "YPWz1MCl-tmjjZ",
          "checksum": "bd60e6c16ff1fb1d08c72804c39cfdf1"
        },
        {
          "type": "image",
          "assetId": "ejHd6D7S2FJxzc",
          "checksum": "43daedb7583d62e24e806ad4bb3293f9"
        },
        {
          "type": "image",
          "assetId": "oh3NSfQeiWZ8GG",
          "checksum": "d9c6f684b091021e67ad3324895737e6"
        },
        {
          "type": "image",
          "assetId": "W0mPjHW7Cqdf6F",
          "checksum": "bed49cd60c5a0aa38a9002a1c65665ca"
        },
        {
          "type": "image",
          "assetId": "UrhWQRpA1QHmXt",
          "checksum": "b37def824acd743fdaf6e2ce8fafd194"
        },
        {
          "type": "image",
          "assetId": "_FMbxqTGGGRwB4",
          "checksum": "655d1cde944ef2f8bb2e505c003d3821"
        }
      ],
      "codegenVersion": "0.0.1"
    }
  ],
  "cliVersion": "0.1.249"
}
